PODS:
  - FlagPhoneNumber (0.8.1):
    - FlagPhoneNumber/libPhoneNumberiOS (= 0.8.1)
  - FlagPhoneNumber/libPhoneNumberiOS (0.8.1)

DEPENDENCIES:
  - FlagPhoneNumber (from `../`)

EXTERNAL SOURCES:
  FlagPhoneNumber:
    :path: "../"

SPEC CHECKSUMS:
  FlagPhoneNumber: b1bedd5a162a2efccdb373c0bbd746e4f06dea9a

PODFILE CHECKSUM: af6e5d2788506eafefe46d7eddeb65bbfd0082b6

COCOAPODS: 1.11.3
